
Microsoft Visual Studio Solution File, Format Version 12.00
# Visual Studio Version 17
VisualStudioVersion = 17.5.33627.172
MinimumVisualStudioVersion = 10.0.40219.1
Project("{FAE04EC0-301F-11D3-BF4B-00C04F79EFBC}") = "GenericCollections", "GenericCollections\GenericCollections.csproj", "{6BB30F45-83AE-4117-B3E2-4C07BF78AB1C}"
EndProject
Global
	GlobalSection(SolutionConfigurationPlatforms) = preSolution
		Debug|Any CPU = Debug|Any CPU
		Release|Any CPU = Release|Any CPU
	EndGlobalSection
	GlobalSection(ProjectConfigurationPlatforms) = postSolution
		{6BB30F45-83AE-4117-B3E2-4C07BF78AB1C}.Debug|Any CPU.ActiveCfg = Debug|Any CPU
		{6BB30F45-83AE-4117-B3E2-4C07BF78AB1C}.Debug|Any CPU.Build.0 = Debug|Any CPU
		{6BB30F45-83AE-4117-B3E2-4C07BF78AB1C}.Release|Any CPU.ActiveCfg = Release|Any CPU
		{6BB30F45-83AE-4117-B3E2-4C07BF78AB1C}.Release|Any CPU.Build.0 = Release|Any CPU
	EndGlobalSection
	GlobalSection(SolutionProperties) = preSolution
		HideSolutionNode = FALSE
	EndGlobalSection
	GlobalSection(ExtensibilityGlobals) = postSolution
		SolutionGuid = {FB5969BF-1426-4CDA-9DBF-EBBFD367091A}
	EndGlobalSection
EndGlobal
